
Microsoft Visual Studio Solution File, Format Version 12.00
# Visual Studio Version 17
VisualStudioVersion = 17.5.002.0
MinimumVisualStudioVersion = 10.0.40219.1
Project("{9A19103F-16F7-4668-BE54-9A1E7A4F7556}") = "hbd Em", "hbd Em.csproj", "{FD269C84-0A35-4017-AE3C-1C0C31507566}"
EndProject
Global
	GlobalSection(SolutionConfigurationPlatforms) = preSolution
		Debug|Any CPU = Debug|Any CPU
		Release|Any CPU = Release|Any CPU
	EndGlobalSection
	GlobalSection(ProjectConfigurationPlatforms) = postSolution
		{FD269C84-0A35-4017-AE3C-1C0C31507566}.Debug|Any CPU.ActiveCfg = Debug|Any CPU
		{FD269C84-0A35-4017-AE3C-1C0C31507566}.Debug|Any CPU.Build.0 = Debug|Any CPU
		{FD269C84-0A35-4017-AE3C-1C0C31507566}.Release|Any CPU.ActiveCfg = Release|Any CPU
		{FD269C84-0A35-4017-AE3C-1C0C31507566}.Release|Any CPU.Build.0 = Release|Any CPU
	EndGlobalSection
	GlobalSection(SolutionProperties) = preSolution
		HideSolutionNode = FALSE
	EndGlobalSection
	GlobalSection(ExtensibilityGlobals) = postSolution
		SolutionGuid = {285F2AB5-889F-4AD8-A217-BE9BE16C7DC8}
	EndGlobalSection
EndGlobal
